
Microsoft Visual Studio Solution File, Format Version 12.00
# Visual Studio Version 16
VisualStudioVersion = 16.0.31613.86
MinimumVisualStudioVersion = 10.0.40219.1
Project("{FAE04EC0-301F-11D3-BF4B-00C04F79EFBC}") = "CarRental_newFramework", "CarRental_newFramework\CarRental_newFramework.csproj", "{B13F237B-7586-491D-B1F6-2CAD03EA8BE3}"
EndProject
Global
	GlobalSection(SolutionConfigurationPlatforms) = preSolution
		Debug|Any CPU = Debug|Any CPU
		Release|Any CPU = Release|Any CPU
	EndGlobalSection
	GlobalSection(ProjectConfigurationPlatforms) = postSolution
		{B13F237B-7586-491D-B1F6-2CAD03EA8BE3}.Debug|Any CPU.ActiveCfg = Debug|Any CPU
		{B13F237B-7586-491D-B1F6-2CAD03EA8BE3}.Debug|Any CPU.Build.0 = Debug|Any CPU
		{B13F237B-7586-491D-B1F6-2CAD03EA8BE3}.Release|Any CPU.ActiveCfg = Release|Any CPU
		{B13F237B-7586-491D-B1F6-2CAD03EA8BE3}.Release|Any CPU.Build.0 = Release|Any CPU
	EndGlobalSection
	GlobalSection(SolutionProperties) = preSolution
		HideSolutionNode = FALSE
	EndGlobalSection
	GlobalSection(ExtensibilityGlobals) = postSolution
		SolutionGuid = {E4584978-AEBC-4A51-AF65-D6660EC24F28}
	EndGlobalSection
EndGlobal
